
Microsoft Visual Studio Solution File, Format Version 12.00
# Visual Studio Version 16
VisualStudioVersion = 16.0.29519.87
MinimumVisualStudioVersion = 10.0.40219.1
Project("{9A19103F-16F7-4668-BE54-9A1E7A4F7556}") = "Application", "Application.csproj", "{91EAE222-5445-49CA-B1F2-861C5296BD8B}"
EndProject
Global
	GlobalSection(SolutionConfigurationPlatforms) = preSolution
		Debug|Any CPU = Debug|Any CPU
		Release|Any CPU = Release|Any CPU
	EndGlobalSection
	GlobalSection(ProjectConfigurationPlatforms) = postSolution
		{91EAE222-5445-49CA-B1F2-861C5296BD8B}.Debug|Any CPU.ActiveCfg = Debug|Any CPU
		{91EAE222-5445-49CA-B1F2-861C5296BD8B}.Debug|Any CPU.Build.0 = Debug|Any CPU
		{91EAE222-5445-49CA-B1F2-861C5296BD8B}.Release|Any CPU.ActiveCfg = Debug|Any CPU
		{91EAE222-5445-49CA-B1F2-861C5296BD8B}.Release|Any CPU.Build.0 = Debug|Any CPU
	EndGlobalSection
	GlobalSection(SolutionProperties) = preSolution
		HideSolutionNode = FALSE
	EndGlobalSection
	GlobalSection(ExtensibilityGlobals) = postSolution
		SolutionGuid = {F56719CE-1580-4658-A404-E28525D3596B}
	EndGlobalSection
EndGlobal
